
Microsoft Visual Studio Solution File, Format Version 12.00
# Visual Studio Version 16
VisualStudioVersion = 16.0.31702.278
MinimumVisualStudioVersion = 10.0.40219.1
Project("{FAE04EC0-301F-11D3-BF4B-00C04F79EFBC}") = "MvcAgenda", "MvcAgenda\MvcAgenda.csproj", "{C25698E0-372F-410E-9DEF-F30A13D1DD63}"
EndProject
Global
	GlobalSection(SolutionConfigurationPlatforms) = preSolution
		Debug|Any CPU = Debug|Any CPU
		Release|Any CPU = Release|Any CPU
	EndGlobalSection
	GlobalSection(ProjectConfigurationPlatforms) = postSolution
		{C25698E0-372F-410E-9DEF-F30A13D1DD63}.Debug|Any CPU.ActiveCfg = Debug|Any CPU
		{C25698E0-372F-410E-9DEF-F30A13D1DD63}.Debug|Any CPU.Build.0 = Debug|Any CPU
		{C25698E0-372F-410E-9DEF-F30A13D1DD63}.Release|Any CPU.ActiveCfg = Release|Any CPU
		{C25698E0-372F-410E-9DEF-F30A13D1DD63}.Release|Any CPU.Build.0 = Release|Any CPU
	EndGlobalSection
	GlobalSection(SolutionProperties) = preSolution
		HideSolutionNode = FALSE
	EndGlobalSection
	GlobalSection(ExtensibilityGlobals) = postSolution
		SolutionGuid = {8F662C5F-D4DD-46FC-B054-503F90B09705}
	EndGlobalSection
EndGlobal
